
Microsoft Visual Studio Solution File, Format Version 12.00
# Visual Studio Version 17
VisualStudioVersion = 17.0.31903.59
MinimumVisualStudioVersion = 10.0.40219.1
Project("{2150E333-8FDC-42A3-9474-1A3956D46DE8}") = "src", "src", "{13B26608-7991-44FD-9CAA-8755F4EC951D}"
EndProject
Project("{FAE04EC0-301F-11D3-BF4B-00C04F79EFBC}") = "Pos.SharedKernel", "src\Pos.SharedKernel\Pos.SharedKernel.csproj", "{56FD609C-95E0-4515-AFCF-D67733A6E23B}"
EndProject
Project("{FAE04EC0-301F-11D3-BF4B-00C04F79EFBC}") = "Pos.Domain", "src\Pos.Domain\Pos.Domain.csproj", "{B3BB7158-8101-45F3-969B-3C60F562BD93}"
EndProject
Project("{2150E333-8FDC-42A3-9474-1A3956D46DE8}") = "samples", "samples", "{DAD96EE9-3999-4050-BB6A-3C2156916BFE}"
EndProject
Project("{FAE04EC0-301F-11D3-BF4B-00C04F79EFBC}") = "Pos.Smoke", "samples\Pos.Smoke\Pos.Smoke.csproj", "{161832A4-0715-48FC-B7D8-31E2A28657A3}"
EndProject
Project("{FAE04EC0-301F-11D3-BF4B-00C04F79EFBC}") = "Pos.Application", "src\Pos.Application\Pos.Application.csproj", "{7A8B2C3D-1E4F-4067-89AB-CDEF01234567}"
EndProject
Project("{FAE04EC0-301F-11D3-BF4B-00C04F79EFBC}") = "Pos.Infrastructure", "src\Pos.Infrastructure\Pos.Infrastructure.csproj", "{9C0D1E2F-3A4B-4C6D-7E8F-901234567890}"
EndProject
Project("{2150E333-8FDC-42A3-9474-1A3956D46DE8}") = "tests", "tests", "{A1B2C3D4-E5F6-4789-ABCD-EF1234567890}"
EndProject
Project("{FAE04EC0-301F-11D3-BF4B-00C04F79EFBC}") = "Pos.Domain.Tests", "tests\Pos.Domain.Tests\Pos.Domain.Tests.csproj", "{B2C3D4E5-F6A7-4890-BCDE-F12345678901}"
EndProject
Project("{FAE04EC0-301F-11D3-BF4B-00C04F79EFBC}") = "Pos.Persistence.Demo", "samples\Pos.Persistence.Demo\Pos.Persistence.Demo.csproj", "{C3D4E5F6-A7B8-4901-CDEF-123456789012}"
EndProject
Project("{FAE04EC0-301F-11D3-BF4B-00C04F79EFBC}") = "Pos.Api", "src\Pos.Api\Pos.Api.csproj", "{D4E5F6A7-B8C9-4012-DEF0-234567890123}"
EndProject
Project("{FAE04EC0-301F-11D3-BF4B-00C04F79EFBC}") = "Pos.Api.Tests", "tests\Pos.Api.Tests\Pos.Api.Tests.csproj", "{E5F6A7B8-C9D0-4123-EF01-345678901234}"
EndProject
Project("{FAE04EC0-301F-11D3-BF4B-00C04F79EFBC}") = "Pos.Till", "src\Pos.Till\Pos.Till.csproj", "{AC2D34AD-62B2-4B47-B3B2-729F7046C181}"
EndProject
Project("{FAE04EC0-301F-11D3-BF4B-00C04F79EFBC}") = "Pos.Till.Tests", "tests\Pos.Till.Tests\Pos.Till.Tests.csproj", "{A9F15D59-A57C-47A9-9208-1A6BD4E55F1E}"
EndProject
Global
	GlobalSection(SolutionConfigurationPlatforms) = preSolution
		Debug|Any CPU = Debug|Any CPU
		Debug|x64 = Debug|x64
		Debug|x86 = Debug|x86
		Release|Any CPU = Release|Any CPU
		Release|x64 = Release|x64
		Release|x86 = Release|x86
	EndGlobalSection
	GlobalSection(ProjectConfigurationPlatforms) = postSolution
		{56FD609C-95E0-4515-AFCF-D67733A6E23B}.Debug|Any CPU.ActiveCfg = Debug|Any CPU
		{56FD609C-95E0-4515-AFCF-D67733A6E23B}.Debug|Any CPU.Build.0 = Debug|Any CPU
		{56FD609C-95E0-4515-AFCF-D67733A6E23B}.Debug|x64.ActiveCfg = Debug|Any CPU
		{56FD609C-95E0-4515-AFCF-D67733A6E23B}.Debug|x64.Build.0 = Debug|Any CPU
		{56FD609C-95E0-4515-AFCF-D67733A6E23B}.Debug|x86.ActiveCfg = Debug|Any CPU
		{56FD609C-95E0-4515-AFCF-D67733A6E23B}.Debug|x86.Build.0 = Debug|Any CPU
		{56FD609C-95E0-4515-AFCF-D67733A6E23B}.Release|Any CPU.ActiveCfg = Release|Any CPU
		{56FD609C-95E0-4515-AFCF-D67733A6E23B}.Release|Any CPU.Build.0 = Release|Any CPU
		{56FD609C-95E0-4515-AFCF-D67733A6E23B}.Release|x64.ActiveCfg = Release|Any CPU
		{56FD609C-95E0-4515-AFCF-D67733A6E23B}.Release|x64.Build.0 = Release|Any CPU
		{56FD609C-95E0-4515-AFCF-D67733A6E23B}.Release|x86.ActiveCfg = Release|Any CPU
		{56FD609C-95E0-4515-AFCF-D67733A6E23B}.Release|x86.Build.0 = Release|Any CPU
		{B3BB7158-8101-45F3-969B-3C60F562BD93}.Debug|Any CPU.ActiveCfg = Debug|Any CPU
		{B3BB7158-8101-45F3-969B-3C60F562BD93}.Debug|Any CPU.Build.0 = Debug|Any CPU
		{B3BB7158-8101-45F3-969B-3C60F562BD93}.Debug|x64.ActiveCfg = Debug|Any CPU
		{B3BB7158-8101-45F3-969B-3C60F562BD93}.Debug|x64.Build.0 = Debug|Any CPU
		{B3BB7158-8101-45F3-969B-3C60F562BD93}.Debug|x86.ActiveCfg = Debug|Any CPU
		{B3BB7158-8101-45F3-969B-3C60F562BD93}.Debug|x86.Build.0 = Debug|Any CPU
		{B3BB7158-8101-45F3-969B-3C60F562BD93}.Release|Any CPU.ActiveCfg = Release|Any CPU
		{B3BB7158-8101-45F3-969B-3C60F562BD93}.Release|Any CPU.Build.0 = Release|Any CPU
		{B3BB7158-8101-45F3-969B-3C60F562BD93}.Release|x64.ActiveCfg = Release|Any CPU
		{B3BB7158-8101-45F3-969B-3C60F562BD93}.Release|x64.Build.0 = Release|Any CPU
		{B3BB7158-8101-45F3-969B-3C60F562BD93}.Release|x86.ActiveCfg = Release|Any CPU
		{B3BB7158-8101-45F3-969B-3C60F562BD93}.Release|x86.Build.0 = Release|Any CPU
		{161832A4-0715-48FC-B7D8-31E2A28657A3}.Debug|Any CPU.ActiveCfg = Debug|Any CPU
		{161832A4-0715-48FC-B7D8-31E2A28657A3}.Debug|Any CPU.Build.0 = Debug|Any CPU
		{161832A4-0715-48FC-B7D8-31E2A28657A3}.Debug|x64.ActiveCfg = Debug|Any CPU
		{161832A4-0715-48FC-B7D8-31E2A28657A3}.Debug|x64.Build.0 = Debug|Any CPU
		{161832A4-0715-48FC-B7D8-31E2A28657A3}.Debug|x86.ActiveCfg = Debug|Any CPU
		{161832A4-0715-48FC-B7D8-31E2A28657A3}.Debug|x86.Build.0 = Debug|Any CPU
		{161832A4-0715-48FC-B7D8-31E2A28657A3}.Release|Any CPU.ActiveCfg = Release|Any CPU
		{161832A4-0715-48FC-B7D8-31E2A28657A3}.Release|Any CPU.Build.0 = Release|Any CPU
		{161832A4-0715-48FC-B7D8-31E2A28657A3}.Release|x64.ActiveCfg = Release|Any CPU
		{161832A4-0715-48FC-B7D8-31E2A28657A3}.Release|x64.Build.0 = Release|Any CPU
		{161832A4-0715-48FC-B7D8-31E2A28657A3}.Release|x86.ActiveCfg = Release|Any CPU
		{161832A4-0715-48FC-B7D8-31E2A28657A3}.Release|x86.Build.0 = Release|Any CPU
		{7A8B2C3D-1E4F-4067-89AB-CDEF01234567}.Debug|Any CPU.ActiveCfg = Debug|Any CPU
		{7A8B2C3D-1E4F-4067-89AB-CDEF01234567}.Debug|Any CPU.Build.0 = Debug|Any CPU
		{7A8B2C3D-1E4F-4067-89AB-CDEF01234567}.Debug|x64.ActiveCfg = Debug|Any CPU
		{7A8B2C3D-1E4F-4067-89AB-CDEF01234567}.Debug|x64.Build.0 = Debug|Any CPU
		{7A8B2C3D-1E4F-4067-89AB-CDEF01234567}.Debug|x86.ActiveCfg = Debug|Any CPU
		{7A8B2C3D-1E4F-4067-89AB-CDEF01234567}.Debug|x86.Build.0 = Debug|Any CPU
		{7A8B2C3D-1E4F-4067-89AB-CDEF01234567}.Release|Any CPU.ActiveCfg = Release|Any CPU
		{7A8B2C3D-1E4F-4067-89AB-CDEF01234567}.Release|Any CPU.Build.0 = Release|Any CPU
		{7A8B2C3D-1E4F-4067-89AB-CDEF01234567}.Release|x64.ActiveCfg = Release|Any CPU
		{7A8B2C3D-1E4F-4067-89AB-CDEF01234567}.Release|x64.Build.0 = Release|Any CPU
		{7A8B2C3D-1E4F-4067-89AB-CDEF01234567}.Release|x86.ActiveCfg = Release|Any CPU
		{7A8B2C3D-1E4F-4067-89AB-CDEF01234567}.Release|x86.Build.0 = Release|Any CPU
		{9C0D1E2F-3A4B-4C6D-7E8F-901234567890}.Debug|Any CPU.ActiveCfg = Debug|Any CPU
		{9C0D1E2F-3A4B-4C6D-7E8F-901234567890}.Debug|Any CPU.Build.0 = Debug|Any CPU
		{9C0D1E2F-3A4B-4C6D-7E8F-901234567890}.Debug|x64.ActiveCfg = Debug|Any CPU
		{9C0D1E2F-3A4B-4C6D-7E8F-901234567890}.Debug|x64.Build.0 = Debug|Any CPU
		{9C0D1E2F-3A4B-4C6D-7E8F-901234567890}.Debug|x86.ActiveCfg = Debug|Any CPU
		{9C0D1E2F-3A4B-4C6D-7E8F-901234567890}.Debug|x86.Build.0 = Debug|Any CPU
		{9C0D1E2F-3A4B-4C6D-7E8F-901234567890}.Release|Any CPU.ActiveCfg = Release|Any CPU
		{9C0D1E2F-3A4B-4C6D-7E8F-901234567890}.Release|Any CPU.Build.0 = Release|Any CPU
		{9C0D1E2F-3A4B-4C6D-7E8F-901234567890}.Release|x64.ActiveCfg = Release|Any CPU
		{9C0D1E2F-3A4B-4C6D-7E8F-901234567890}.Release|x64.Build.0 = Release|Any CPU
		{9C0D1E2F-3A4B-4C6D-7E8F-901234567890}.Release|x86.ActiveCfg = Release|Any CPU
		{9C0D1E2F-3A4B-4C6D-7E8F-901234567890}.Release|x86.Build.0 = Release|Any CPU
		{B2C3D4E5-F6A7-4890-BCDE-F12345678901}.Debug|Any CPU.ActiveCfg = Debug|Any CPU
		{B2C3D4E5-F6A7-4890-BCDE-F12345678901}.Debug|Any CPU.Build.0 = Debug|Any CPU
		{B2C3D4E5-F6A7-4890-BCDE-F12345678901}.Debug|x64.ActiveCfg = Debug|Any CPU
		{B2C3D4E5-F6A7-4890-BCDE-F12345678901}.Debug|x64.Build.0 = Debug|Any CPU
		{B2C3D4E5-F6A7-4890-BCDE-F12345678901}.Debug|x86.ActiveCfg = Debug|Any CPU
		{B2C3D4E5-F6A7-4890-BCDE-F12345678901}.Debug|x86.Build.0 = Debug|Any CPU
		{B2C3D4E5-F6A7-4890-BCDE-F12345678901}.Release|Any CPU.ActiveCfg = Release|Any CPU
		{B2C3D4E5-F6A7-4890-BCDE-F12345678901}.Release|Any CPU.Build.0 = Release|Any CPU
		{B2C3D4E5-F6A7-4890-BCDE-F12345678901}.Release|x64.ActiveCfg = Release|Any CPU
		{B2C3D4E5-F6A7-4890-BCDE-F12345678901}.Release|x64.Build.0 = Release|Any CPU
		{B2C3D4E5-F6A7-4890-BCDE-F12345678901}.Release|x86.ActiveCfg = Release|Any CPU
		{B2C3D4E5-F6A7-4890-BCDE-F12345678901}.Release|x86.Build.0 = Release|Any CPU
		{C3D4E5F6-A7B8-4901-CDEF-123456789012}.Debug|Any CPU.ActiveCfg = Debug|Any CPU
		{C3D4E5F6-A7B8-4901-CDEF-123456789012}.Debug|Any CPU.Build.0 = Debug|Any CPU
		{C3D4E5F6-A7B8-4901-CDEF-123456789012}.Debug|x64.ActiveCfg = Debug|Any CPU
		{C3D4E5F6-A7B8-4901-CDEF-123456789012}.Debug|x64.Build.0 = Debug|Any CPU
		{C3D4E5F6-A7B8-4901-CDEF-123456789012}.Debug|x86.ActiveCfg = Debug|Any CPU
		{C3D4E5F6-A7B8-4901-CDEF-123456789012}.Debug|x86.Build.0 = Debug|Any CPU
		{C3D4E5F6-A7B8-4901-CDEF-123456789012}.Release|Any CPU.ActiveCfg = Release|Any CPU
		{C3D4E5F6-A7B8-4901-CDEF-123456789012}.Release|Any CPU.Build.0 = Release|Any CPU
		{C3D4E5F6-A7B8-4901-CDEF-123456789012}.Release|x64.ActiveCfg = Release|Any CPU
		{C3D4E5F6-A7B8-4901-CDEF-123456789012}.Release|x64.Build.0 = Release|Any CPU
		{C3D4E5F6-A7B8-4901-CDEF-123456789012}.Release|x86.ActiveCfg = Release|Any CPU
		{C3D4E5F6-A7B8-4901-CDEF-123456789012}.Release|x86.Build.0 = Release|Any CPU
		{D4E5F6A7-B8C9-4012-DEF0-234567890123}.Debug|Any CPU.ActiveCfg = Debug|Any CPU
		{D4E5F6A7-B8C9-4012-DEF0-234567890123}.Debug|Any CPU.Build.0 = Debug|Any CPU
		{D4E5F6A7-B8C9-4012-DEF0-234567890123}.Debug|x64.ActiveCfg = Debug|Any CPU
		{D4E5F6A7-B8C9-4012-DEF0-234567890123}.Debug|x64.Build.0 = Debug|Any CPU
		{D4E5F6A7-B8C9-4012-DEF0-234567890123}.Debug|x86.ActiveCfg = Debug|Any CPU
		{D4E5F6A7-B8C9-4012-DEF0-234567890123}.Debug|x86.Build.0 = Debug|Any CPU
		{D4E5F6A7-B8C9-4012-DEF0-234567890123}.Release|Any CPU.ActiveCfg = Release|Any CPU
		{D4E5F6A7-B8C9-4012-DEF0-234567890123}.Release|Any CPU.Build.0 = Release|Any CPU
		{D4E5F6A7-B8C9-4012-DEF0-234567890123}.Release|x64.ActiveCfg = Release|Any CPU
		{D4E5F6A7-B8C9-4012-DEF0-234567890123}.Release|x64.Build.0 = Release|Any CPU
		{D4E5F6A7-B8C9-4012-DEF0-234567890123}.Release|x86.ActiveCfg = Release|Any CPU
		{D4E5F6A7-B8C9-4012-DEF0-234567890123}.Release|x86.Build.0 = Release|Any CPU
		{E5F6A7B8-C9D0-4123-EF01-345678901234}.Debug|Any CPU.ActiveCfg = Debug|Any CPU
		{E5F6A7B8-C9D0-4123-EF01-345678901234}.Debug|Any CPU.Build.0 = Debug|Any CPU
		{E5F6A7B8-C9D0-4123-EF01-345678901234}.Debug|x64.ActiveCfg = Debug|Any CPU
		{E5F6A7B8-C9D0-4123-EF01-345678901234}.Debug|x64.Build.0 = Debug|Any CPU
		{E5F6A7B8-C9D0-4123-EF01-345678901234}.Debug|x86.ActiveCfg = Debug|Any CPU
		{E5F6A7B8-C9D0-4123-EF01-345678901234}.Debug|x86.Build.0 = Debug|Any CPU
		{E5F6A7B8-C9D0-4123-EF01-345678901234}.Release|Any CPU.ActiveCfg = Release|Any CPU
		{E5F6A7B8-C9D0-4123-EF01-345678901234}.Release|Any CPU.Build.0 = Release|Any CPU
		{E5F6A7B8-C9D0-4123-EF01-345678901234}.Release|x64.ActiveCfg = Release|Any CPU
		{E5F6A7B8-C9D0-4123-EF01-345678901234}.Release|x64.Build.0 = Release|Any CPU
		{E5F6A7B8-C9D0-4123-EF01-345678901234}.Release|x86.ActiveCfg = Release|Any CPU
		{E5F6A7B8-C9D0-4123-EF01-345678901234}.Release|x86.Build.0 = Release|Any CPU
		{AC2D34AD-62B2-4B47-B3B2-729F7046C181}.Debug|Any CPU.ActiveCfg = Debug|Any CPU
		{AC2D34AD-62B2-4B47-B3B2-729F7046C181}.Debug|Any CPU.Build.0 = Debug|Any CPU
		{AC2D34AD-62B2-4B47-B3B2-729F7046C181}.Debug|x64.ActiveCfg = Debug|Any CPU
		{AC2D34AD-62B2-4B47-B3B2-729F7046C181}.Debug|x64.Build.0 = Debug|Any CPU
		{AC2D34AD-62B2-4B47-B3B2-729F7046C181}.Debug|x86.ActiveCfg = Debug|Any CPU
		{AC2D34AD-62B2-4B47-B3B2-729F7046C181}.Debug|x86.Build.0 = Debug|Any CPU
		{AC2D34AD-62B2-4B47-B3B2-729F7046C181}.Release|Any CPU.ActiveCfg = Release|Any CPU
		{AC2D34AD-62B2-4B47-B3B2-729F7046C181}.Release|Any CPU.Build.0 = Release|Any CPU
		{AC2D34AD-62B2-4B47-B3B2-729F7046C181}.Release|x64.ActiveCfg = Release|Any CPU
		{AC2D34AD-62B2-4B47-B3B2-729F7046C181}.Release|x64.Build.0 = Release|Any CPU
		{AC2D34AD-62B2-4B47-B3B2-729F7046C181}.Release|x86.ActiveCfg = Release|Any CPU
		{AC2D34AD-62B2-4B47-B3B2-729F7046C181}.Release|x86.Build.0 = Release|Any CPU
		{A9F15D59-A57C-47A9-9208-1A6BD4E55F1E}.Debug|Any CPU.ActiveCfg = Debug|Any CPU
		{A9F15D59-A57C-47A9-9208-1A6BD4E55F1E}.Debug|Any CPU.Build.0 = Debug|Any CPU
		{A9F15D59-A57C-47A9-9208-1A6BD4E55F1E}.Debug|x64.ActiveCfg = Debug|Any CPU
		{A9F15D59-A57C-47A9-9208-1A6BD4E55F1E}.Debug|x64.Build.0 = Debug|Any CPU
		{A9F15D59-A57C-47A9-9208-1A6BD4E55F1E}.Debug|x86.ActiveCfg = Debug|Any CPU
		{A9F15D59-A57C-47A9-9208-1A6BD4E55F1E}.Debug|x86.Build.0 = Debug|Any CPU
		{A9F15D59-A57C-47A9-9208-1A6BD4E55F1E}.Release|Any CPU.ActiveCfg = Release|Any CPU
		{A9F15D59-A57C-47A9-9208-1A6BD4E55F1E}.Release|Any CPU.Build.0 = Release|Any CPU
		{A9F15D59-A57C-47A9-9208-1A6BD4E55F1E}.Release|x64.ActiveCfg = Release|Any CPU
		{A9F15D59-A57C-47A9-9208-1A6BD4E55F1E}.Release|x64.Build.0 = Release|Any CPU
		{A9F15D59-A57C-47A9-9208-1A6BD4E55F1E}.Release|x86.ActiveCfg = Release|Any CPU
		{A9F15D59-A57C-47A9-9208-1A6BD4E55F1E}.Release|x86.Build.0 = Release|Any CPU
	EndGlobalSection
	GlobalSection(SolutionProperties) = preSolution
		HideSolutionNode = FALSE
	EndGlobalSection
	GlobalSection(NestedProjects) = preSolution
		{56FD609C-95E0-4515-AFCF-D67733A6E23B} = {13B26608-7991-44FD-9CAA-8755F4EC951D}
		{B3BB7158-8101-45F3-969B-3C60F562BD93} = {13B26608-7991-44FD-9CAA-8755F4EC951D}
		{161832A4-0715-48FC-B7D8-31E2A28657A3} = {DAD96EE9-3999-4050-BB6A-3C2156916BFE}
		{7A8B2C3D-1E4F-4067-89AB-CDEF01234567} = {13B26608-7991-44FD-9CAA-8755F4EC951D}
		{9C0D1E2F-3A4B-4C6D-7E8F-901234567890} = {13B26608-7991-44FD-9CAA-8755F4EC951D}
		{B2C3D4E5-F6A7-4890-BCDE-F12345678901} = {A1B2C3D4-E5F6-4789-ABCD-EF1234567890}
		{C3D4E5F6-A7B8-4901-CDEF-123456789012} = {DAD96EE9-3999-4050-BB6A-3C2156916BFE}
		{D4E5F6A7-B8C9-4012-DEF0-234567890123} = {13B26608-7991-44FD-9CAA-8755F4EC951D}
		{E5F6A7B8-C9D0-4123-EF01-345678901234} = {A1B2C3D4-E5F6-4789-ABCD-EF1234567890}
		{AC2D34AD-62B2-4B47-B3B2-729F7046C181} = {13B26608-7991-44FD-9CAA-8755F4EC951D}
		{A9F15D59-A57C-47A9-9208-1A6BD4E55F1E} = {A1B2C3D4-E5F6-4789-ABCD-EF1234567890}
	EndGlobalSection
EndGlobal
