
Microsoft Visual Studio Solution File, Format Version 12.00
# Visual Studio Version 17
VisualStudioVersion = 17.0.31903.59
MinimumVisualStudioVersion = 10.0.40219.1
Project("{2150E333-8FDC-42A3-9474-1A3956D46DE8}") = "src", "src", "{13B26608-7991-44FD-9CAA-8755F4EC951D}"
EndProject
Project("{FAE04EC0-301F-11D3-BF4B-00C04F79EFBC}") = "Pos.SharedKernel", "src\Pos.SharedKernel\Pos.SharedKernel.csproj", "{56FD609C-95E0-4515-AFCF-D67733A6E23B}"
EndProject
Project("{FAE04EC0-301F-11D3-BF4B-00C04F79EFBC}") = "Pos.Domain", "src\Pos.Domain\Pos.Domain.csproj", "{B3BB7158-8101-45F3-969B-3C60F562BD93}"
EndProject
Project("{2150E333-8FDC-42A3-9474-1A3956D46DE8}") = "samples", "samples", "{DAD96EE9-3999-4050-BB6A-3C2156916BFE}"
EndProject
Project("{FAE04EC0-301F-11D3-BF4B-00C04F79EFBC}") = "Pos.Smoke", "samples\Pos.Smoke\Pos.Smoke.csproj", "{161832A4-0715-48FC-B7D8-31E2A28657A3}"
EndProject
Global
	GlobalSection(SolutionConfigurationPlatforms) = preSolution
		Debug|Any CPU = Debug|Any CPU
		Release|Any CPU = Release|Any CPU
	EndGlobalSection
	GlobalSection(SolutionProperties) = preSolution
		HideSolutionNode = FALSE
	EndGlobalSection
	GlobalSection(ProjectConfigurationPlatforms) = postSolution
		{56FD609C-95E0-4515-AFCF-D67733A6E23B}.Debug|Any CPU.ActiveCfg = Debug|Any CPU
		{56FD609C-95E0-4515-AFCF-D67733A6E23B}.Debug|Any CPU.Build.0 = Debug|Any CPU
		{56FD609C-95E0-4515-AFCF-D67733A6E23B}.Release|Any CPU.ActiveCfg = Release|Any CPU
		{56FD609C-95E0-4515-AFCF-D67733A6E23B}.Release|Any CPU.Build.0 = Release|Any CPU
		{B3BB7158-8101-45F3-969B-3C60F562BD93}.Debug|Any CPU.ActiveCfg = Debug|Any CPU
		{B3BB7158-8101-45F3-969B-3C60F562BD93}.Debug|Any CPU.Build.0 = Debug|Any CPU
		{B3BB7158-8101-45F3-969B-3C60F562BD93}.Release|Any CPU.ActiveCfg = Release|Any CPU
		{B3BB7158-8101-45F3-969B-3C60F562BD93}.Release|Any CPU.Build.0 = Release|Any CPU
		{161832A4-0715-48FC-B7D8-31E2A28657A3}.Debug|Any CPU.ActiveCfg = Debug|Any CPU
		{161832A4-0715-48FC-B7D8-31E2A28657A3}.Debug|Any CPU.Build.0 = Debug|Any CPU
		{161832A4-0715-48FC-B7D8-31E2A28657A3}.Release|Any CPU.ActiveCfg = Release|Any CPU
		{161832A4-0715-48FC-B7D8-31E2A28657A3}.Release|Any CPU.Build.0 = Release|Any CPU
	EndGlobalSection
	GlobalSection(NestedProjects) = preSolution
		{56FD609C-95E0-4515-AFCF-D67733A6E23B} = {13B26608-7991-44FD-9CAA-8755F4EC951D}
		{B3BB7158-8101-45F3-969B-3C60F562BD93} = {13B26608-7991-44FD-9CAA-8755F4EC951D}
		{161832A4-0715-48FC-B7D8-31E2A28657A3} = {DAD96EE9-3999-4050-BB6A-3C2156916BFE}
	EndGlobalSection
EndGlobal
